
Microsoft Visual Studio Solution File, Format Version 12.00
# Visual Studio Version 17
VisualStudioVersion = 17.1.32210.238
MinimumVisualStudioVersion = 10.0.40219.1
Project("{FAE04EC0-301F-11D3-BF4B-00C04F79EFBC}") = "ScaleoutClientFailoverSample", "ScaleoutClientFailoverSample\ScaleoutClientFailoverSample.csproj", "{9C460310-0CB8-43D8-9347-878ADE43B9DC}"
EndProject
Global
	GlobalSection(SolutionConfigurationPlatforms) = preSolution
		Debug|Any CPU = Debug|Any CPU
		Release|Any CPU = Release|Any CPU
	EndGlobalSection
	GlobalSection(ProjectConfigurationPlatforms) = postSolution
		{9C460310-0CB8-43D8-9347-878ADE43B9DC}.Debug|Any CPU.ActiveCfg = Debug|Any CPU
		{9C460310-0CB8-43D8-9347-878ADE43B9DC}.Debug|Any CPU.Build.0 = Debug|Any CPU
		{9C460310-0CB8-43D8-9347-878ADE43B9DC}.Release|Any CPU.ActiveCfg = Release|Any CPU
		{9C460310-0CB8-43D8-9347-878ADE43B9DC}.Release|Any CPU.Build.0 = Release|Any CPU
	EndGlobalSection
	GlobalSection(SolutionProperties) = preSolution
		HideSolutionNode = FALSE
	EndGlobalSection
	GlobalSection(ExtensibilityGlobals) = postSolution
		SolutionGuid = {3780FC60-254A-4D1A-9C4A-494E361F981C}
	EndGlobalSection
EndGlobal
